
Microsoft Visual Studio Solution File, Format Version 12.00
# Visual Studio Version 17
VisualStudioVersion = 17.0.32014.148
MinimumVisualStudioVersion = 10.0.40219.1
Project("{FAE04EC0-301F-11D3-BF4B-00C04F79EFBC}") = "MilestoneInventory", "MilestoneInventory\MilestoneInventory.csproj", "{06B21AB9-E2CC-4A86-B77B-9ECF27854988}"
EndProject
Global
	GlobalSection(SolutionConfigurationPlatforms) = preSolution
		Debug|Any CPU = Debug|Any CPU
		Release|Any CPU = Release|Any CPU
	EndGlobalSection
	GlobalSection(ProjectConfigurationPlatforms) = postSolution
		{06B21AB9-E2CC-4A86-B77B-9ECF27854988}.Debug|Any CPU.ActiveCfg = Debug|Any CPU
		{06B21AB9-E2CC-4A86-B77B-9ECF27854988}.Debug|Any CPU.Build.0 = Debug|Any CPU
		{06B21AB9-E2CC-4A86-B77B-9ECF27854988}.Release|Any CPU.ActiveCfg = Release|Any CPU
		{06B21AB9-E2CC-4A86-B77B-9ECF27854988}.Release|Any CPU.Build.0 = Release|Any CPU
	EndGlobalSection
	GlobalSection(SolutionProperties) = preSolution
		HideSolutionNode = FALSE
	EndGlobalSection
	GlobalSection(ExtensibilityGlobals) = postSolution
		SolutionGuid = {51B2D888-77C8-44E1-9F30-F4761529EF82}
	EndGlobalSection
EndGlobal
